
Microsoft Visual Studio Solution File, Format Version 12.00
# Visual Studio Version 16
VisualStudioVersion = 16.0.31613.86
MinimumVisualStudioVersion = 10.0.40219.1
Project("{FAE04EC0-301F-11D3-BF4B-00C04F79EFBC}") = "SqlClientCounters", "SqlClientCounters\SqlClientCounters.csproj", "{5EE53E5E-AF2E-42A4-9EB6-912D70055AA3}"
EndProject
Project("{FAE04EC0-301F-11D3-BF4B-00C04F79EFBC}") = "NpgsqlCounters", "NpgsqlCounters\NpgsqlCounters.csproj", "{1F235E88-49A2-4CBC-BE41-632BF71D21E4}"
EndProject
Global
	GlobalSection(SolutionConfigurationPlatforms) = preSolution
		Debug|Any CPU = Debug|Any CPU
		Release|Any CPU = Release|Any CPU
	EndGlobalSection
	GlobalSection(ProjectConfigurationPlatforms) = postSolution
		{5EE53E5E-AF2E-42A4-9EB6-912D70055AA3}.Debug|Any CPU.ActiveCfg = Debug|Any CPU
		{5EE53E5E-AF2E-42A4-9EB6-912D70055AA3}.Debug|Any CPU.Build.0 = Debug|Any CPU
		{5EE53E5E-AF2E-42A4-9EB6-912D70055AA3}.Release|Any CPU.ActiveCfg = Release|Any CPU
		{5EE53E5E-AF2E-42A4-9EB6-912D70055AA3}.Release|Any CPU.Build.0 = Release|Any CPU
		{1F235E88-49A2-4CBC-BE41-632BF71D21E4}.Debug|Any CPU.ActiveCfg = Debug|Any CPU
		{1F235E88-49A2-4CBC-BE41-632BF71D21E4}.Debug|Any CPU.Build.0 = Debug|Any CPU
		{1F235E88-49A2-4CBC-BE41-632BF71D21E4}.Release|Any CPU.ActiveCfg = Release|Any CPU
		{1F235E88-49A2-4CBC-BE41-632BF71D21E4}.Release|Any CPU.Build.0 = Release|Any CPU
	EndGlobalSection
	GlobalSection(SolutionProperties) = preSolution
		HideSolutionNode = FALSE
	EndGlobalSection
	GlobalSection(ExtensibilityGlobals) = postSolution
		SolutionGuid = {46F65123-F495-4131-805C-7900F982A00C}
	EndGlobalSection
EndGlobal
